// !$*UTF8*$!
{
	archiveVersion = 1;
	classes = {
	};
	objectVersion = 48;
	objects = {

/* Begin PBXBuildFile section */
		5E10AE66BF670B68581CA6D5 /* Pods_Firebase_Example.framework in Frameworks */ = {isa = PBXBuildFile; fileRef = 1E88DE4EDE62BA45E5086594 /* Pods_Firebase_Example.framework */; };
		91527B2A207042C800A65A06 /* ic_choose_gallery.png in Resources */ = {isa = PBXBuildFile; fileRef = 91527B29207042C800A65A06 /* ic_choose_gallery.png */; };
		91FDC512204E3EA0005E3744 /* AppDelegate.swift in Sources */ = {isa = PBXBuildFile; fileRef = 91FDC511204E3EA0005E3744 /* AppDelegate.swift */; };
		91FDC514204E3EA0005E3744 /* FeedViewController.swift in Sources */ = {isa = PBXBuildFile; fileRef = 91FDC513204E3EA0005E3744 /* FeedViewController.swift */; };
		91FDC516204E3EA0005E3744 /* UploadViewController.swift in Sources */ = {isa = PBXBuildFile; fileRef = 91FDC515204E3EA0005E3744 /* UploadViewController.swift */; };
		91FDC519204E3EA0005E3744 /* Main.storyboard in Resources */ = {isa = PBXBuildFile; fileRef = 91FDC517204E3EA0005E3744 /* Main.storyboard */; };
		91FDC51B204E3EA0005E3744 /* Assets.xcassets in Resources */ = {isa = PBXBuildFile; fileRef = 91FDC51A204E3EA0005E3744 /* Assets.xcassets */; };
		91FDC51E204E3EA0005E3744 /* LaunchScreen.storyboard in Resources */ = {isa = PBXBuildFile; fileRef = 91FDC51C204E3EA0005E3744 /* LaunchScreen.storyboard */; };
		91FDC526204E40EE005E3744 /* LoginViewController.swift in Sources */ = {isa = PBXBuildFile; fileRef = 91FDC525204E40EE005E3744 /* LoginViewController.swift */; };
		91FDC528204F8DD6005E3744 /* GoogleService-Info.plist in Resources */ = {isa = PBXBuildFile; fileRef = 91FDC527204F8DD6005E3744 /* GoogleService-Info.plist */; };
		91FDC52A2058CE33005E3744 /* SplashViewController.swift in Sources */ = {isa = PBXBuildFile; fileRef = 91FDC5292058CE33005E3744 /* SplashViewController.swift */; };
/* End PBXBuildFile section */

/* Begin PBXFileReference section */
		1E88DE4EDE62BA45E5086594 /* Pods_Firebase_Example.framework */ = {isa = PBXFileReference; explicitFileType = wrapper.framework; includeInIndex = 0; path = Pods_Firebase_Example.framework; sourceTree = BUILT_PRODUCTS_DIR; };
		73C2D441338323ACC21F6C1D /* Pods-Firebase Example.debug.xcconfig */ = {isa = PBXFileReference; includeInIndex = 1; lastKnownFileType = text.xcconfig; name = "Pods-Firebase Example.debug.xcconfig"; path = "Pods/Target Support Files/Pods-Firebase Example/Pods-Firebase Example.debug.xcconfig"; sourceTree = "<group>"; };
		91527B29207042C800A65A06 /* ic_choose_gallery.png */ = {isa = PBXFileReference; lastKnownFileType = image.png; path = ic_choose_gallery.png; sourceTree = "<group>"; };
		91FDC50E204E3EA0005E3744 /* Firebase Example.app */ = {isa = PBXFileReference; explicitFileType = wrapper.application; includeInIndex = 0; path = "Firebase Example.app"; sourceTree = BUILT_PRODUCTS_DIR; };
		91FDC511204E3EA0005E3744 /* AppDelegate.swift */ = {isa = PBXFileReference; lastKnownFileType = sourcecode.swift; path = AppDelegate.swift; sourceTree = "<group>"; };
		91FDC513204E3EA0005E3744 /* FeedViewController.swift */ = {isa = PBXFileReference; lastKnownFileType = sourcecode.swift; path = FeedViewController.swift; sourceTree = "<group>"; };
		91FDC515204E3EA0005E3744 /* UploadViewController.swift */ = {isa = PBXFileReference; lastKnownFileType = sourcecode.swift; path = UploadViewController.swift; sourceTree = "<group>"; };
		91FDC518204E3EA0005E3744 /* Base */ = {isa = PBXFileReference; lastKnownFileType = file.storyboard; name = Base; path = Base.lproj/Main.storyboard; sourceTree = "<group>"; };
		91FDC51A204E3EA0005E3744 /* Assets.xcassets */ = {isa = PBXFileReference; lastKnownFileType = folder.assetcatalog; path = Assets.xcassets; sourceTree = "<group>"; };
		91FDC51D204E3EA0005E3744 /* Base */ = {isa = PBXFileReference; lastKnownFileType = file.storyboard; name = Base; path = Base.lproj/LaunchScreen.storyboard; sourceTree = "<group>"; };
		91FDC51F204E3EA0005E3744 /* Info.plist */ = {isa = PBXFileReference; lastKnownFileType = text.plist.xml; path = Info.plist; sourceTree = "<group>"; };
		91FDC525204E40EE005E3744 /* LoginViewController.swift */ = {isa = PBXFileReference; lastKnownFileType = sourcecode.swift; path = LoginViewController.swift; sourceTree = "<group>"; };
		91FDC527204F8DD6005E3744 /* GoogleService-Info.plist */ = {isa = PBXFileReference; fileEncoding = 4; lastKnownFileType = text.plist.xml; path = "GoogleService-Info.plist"; sourceTree = "<group>"; };
		91FDC5292058CE33005E3744 /* SplashViewController.swift */ = {isa = PBXFileReference; lastKnownFileType = sourcecode.swift; path = SplashViewController.swift; sourceTree = "<group>"; };
		946256C477265FD63EB37F94 /* Pods-Firebase Example.release.xcconfig */ = {isa = PBXFileReference; includeInIndex = 1; lastKnownFileType = text.xcconfig; name = "Pods-Firebase Example.release.xcconfig"; path = "Pods/Target Support Files/Pods-Firebase Example/Pods-Firebase Example.release.xcconfig"; sourceTree = "<group>"; };
/* End PBXFileReference section */

/* Begin PBXFrameworksBuildPhase section */
		91FDC50B204E3EA0005E3744 /* Frameworks */ = {
			isa = PBXFrameworksBuildPhase;
			buildActionMask = 2147483647;
			files = (
				5E10AE66BF670B68581CA6D5 /* Pods_Firebase_Example.framework in Frameworks */,
			);
			runOnlyForDeploymentPostprocessing = 0;
		};
/* End PBXFrameworksBuildPhase section */

/* Begin PBXGroup section */
		016ECBD9AF1E8ECBA3BF8C99 /* Frameworks */ = {
			isa = PBXGroup;
			children = (
				1E88DE4EDE62BA45E5086594 /* Pods_Firebase_Example.framework */,
			);
			name = Frameworks;
			sourceTree = "<group>";
		};
		28A10DBAD4320ED47DCBC89C /* Pods */ = {
			isa = PBXGroup;
			children = (
				73C2D441338323ACC21F6C1D /* Pods-Firebase Example.debug.xcconfig */,
				946256C477265FD63EB37F94 /* Pods-Firebase Example.release.xcconfig */,
			);
			name = Pods;
			sourceTree = "<group>";
		};
		91527B28207042B700A65A06 /* images */ = {
			isa = PBXGroup;
			children = (
				91527B29207042C800A65A06 /* ic_choose_gallery.png */,
			);
			path = images;
			sourceTree = "<group>";
		};
		91FDC505204E3EA0005E3744 = {
			isa = PBXGroup;
			children = (
				91527B28207042B700A65A06 /* images */,
				91FDC510204E3EA0005E3744 /* Firebase Example */,
				91FDC50F204E3EA0005E3744 /* Products */,
				28A10DBAD4320ED47DCBC89C /* Pods */,
				016ECBD9AF1E8ECBA3BF8C99 /* Frameworks */,
			);
			sourceTree = "<group>";
		};
		91FDC50F204E3EA0005E3744 /* Products */ = {
			isa = PBXGroup;
			children = (
				91FDC50E204E3EA0005E3744 /* Firebase Example.app */,
			);
			name = Products;
			sourceTree = "<group>";
		};
		91FDC510204E3EA0005E3744 /* Firebase Example */ = {
			isa = PBXGroup;
			children = (
				91FDC511204E3EA0005E3744 /* AppDelegate.swift */,
				91FDC513204E3EA0005E3744 /* FeedViewController.swift */,
				91FDC515204E3EA0005E3744 /* UploadViewController.swift */,
				91FDC5292058CE33005E3744 /* SplashViewController.swift */,
				91FDC525204E40EE005E3744 /* LoginViewController.swift */,
				91FDC517204E3EA0005E3744 /* Main.storyboard */,
				91FDC51A204E3EA0005E3744 /* Assets.xcassets */,
				91FDC51C204E3EA0005E3744 /* LaunchScreen.storyboard */,
				91FDC51F204E3EA0005E3744 /* Info.plist */,
				91FDC527204F8DD6005E3744 /* GoogleService-Info.plist */,
			);
			path = "Firebase Example";
			sourceTree = "<group>";
		};
/* End PBXGroup section */

/* Begin PBXNativeTarget section */
		91FDC50D204E3EA0005E3744 /* Firebase Example */ = {
			isa = PBXNativeTarget;
			buildConfigurationList = 91FDC522204E3EA0005E3744 /* Build configuration list for PBXNativeTarget "Firebase Example" */;
			buildPhases = (
				B6C549BAF702FD670ACEE217 /* [CP] Check Pods Manifest.lock */,
				91FDC50A204E3EA0005E3744 /* Sources */,
				91FDC50B204E3EA0005E3744 /* Frameworks */,
				91FDC50C204E3EA0005E3744 /* Resources */,
				C5D665A865B20E0118681815 /* [CP] Embed Pods Frameworks */,
				0BB3A03B757A19262301AA4E /* [CP] Copy Pods Resources */,
			);
			buildRules = (
			);
			dependencies = (
			);
			name = "Firebase Example";
			productName = "Firebase Example";
			productReference = 91FDC50E204E3EA0005E3744 /* Firebase Example.app */;
			productType = "com.apple.product-type.application";
		};
/* End PBXNativeTarget section */

/* Begin PBXProject section */
		91FDC506204E3EA0005E3744 /* Project object */ = {
			isa = PBXProject;
			attributes = {
				LastSwiftUpdateCheck = 0920;
				LastUpgradeCheck = 0920;
				ORGANIZATIONNAME = "Adolfo Lozano Mendez";
				TargetAttributes = {
					91FDC50D204E3EA0005E3744 = {
						CreatedOnToolsVersion = 9.2;
						ProvisioningStyle = Automatic;
					};
				};
			};
			buildConfigurationList = 91FDC509204E3EA0005E3744 /* Build configuration list for PBXProject "Firebase Example" */;
			compatibilityVersion = "Xcode 8.0";
			developmentRegion = en;
			hasScannedForEncodings = 0;
			knownRegions = (
				en,
				Base,
			);
			mainGroup = 91FDC505204E3EA0005E3744;
			productRefGroup = 91FDC50F204E3EA0005E3744 /* Products */;
			projectDirPath = "";
			projectRoot = "";
			targets = (
				91FDC50D204E3EA0005E3744 /* Firebase Example */,
			);
		};
/* End PBXProject section */

/* Begin PBXResourcesBuildPhase section */
		91FDC50C204E3EA0005E3744 /* Resources */ = {
			isa = PBXResourcesBuildPhase;
			buildActionMask = 2147483647;
			files = (
				91FDC51E204E3EA0005E3744 /* LaunchScreen.storyboard in Resources */,
				91527B2A207042C800A65A06 /* ic_choose_gallery.png in Resources */,
				91FDC528204F8DD6005E3744 /* GoogleService-Info.plist in Resources */,
				91FDC51B204E3EA0005E3744 /* Assets.xcassets in Resources */,
				91FDC519204E3EA0005E3744 /* Main.storyboard in Resources */,
			);
			runOnlyForDeploymentPostprocessing = 0;
		};
/* End PBXResourcesBuildPhase section */

/* Begin PBXShellScriptBuildPhase section */
		0BB3A03B757A19262301AA4E /* [CP] Copy Pods Resources */ = {
			isa = PBXShellScriptBuildPhase;
			buildActionMask = 2147483647;
			files = (
			);
			inputPaths = (
			);
			name = "[CP] Copy Pods Resources";
			outputPaths = (
			);
			runOnlyForDeploymentPostprocessing = 0;
			shellPath = /bin/sh;
			shellScript = "\"${SRCROOT}/Pods/Target Support Files/Pods-Firebase Example/Pods-Firebase Example-resources.sh\"\n";
			showEnvVarsInLog = 0;
		};
		B6C549BAF702FD670ACEE217 /* [CP] Check Pods Manifest.lock */ = {
			isa = PBXShellScriptBuildPhase;
			buildActionMask = 2147483647;
			files = (
			);
			inputPaths = (
				"${PODS_PODFILE_DIR_PATH}/Podfile.lock",
				"${PODS_ROOT}/Manifest.lock",
			);
			name = "[CP] Check Pods Manifest.lock";
			outputPaths = (
				"$(DERIVED_FILE_DIR)/Pods-Firebase Example-checkManifestLockResult.txt",
			);
			runOnlyForDeploymentPostprocessing = 0;
			shellPath = /bin/sh;
			shellScript = "diff \"${PODS_PODFILE_DIR_PATH}/Podfile.lock\" \"${PODS_ROOT}/Manifest.lock\" > /dev/null\nif [ $? != 0 ] ; then\n    # print error to STDERR\n    echo \"error: The sandbox is not in sync with the Podfile.lock. Run 'pod install' or update your CocoaPods installation.\" >&2\n    exit 1\nfi\n# This output is used by Xcode 'outputs' to avoid re-running this script phase.\necho \"SUCCESS\" > \"${SCRIPT_OUTPUT_FILE_0}\"\n";
			showEnvVarsInLog = 0;
		};
		C5D665A865B20E0118681815 /* [CP] Embed Pods Frameworks */ = {
			isa = PBXShellScriptBuildPhase;
			buildActionMask = 2147483647;
			files = (
			);
			inputPaths = (
				"${SRCROOT}/Pods/Target Support Files/Pods-Firebase Example/Pods-Firebase Example-frameworks.sh",
				"${BUILT_PRODUCTS_DIR}/GTMSessionFetcher/GTMSessionFetcher.framework",
				"${BUILT_PRODUCTS_DIR}/GoogleToolboxForMac/GoogleToolboxForMac.framework",
				"${BUILT_PRODUCTS_DIR}/leveldb-library/leveldb.framework",
				"${BUILT_PRODUCTS_DIR}/nanopb/nanopb.framework",
			);
			name = "[CP] Embed Pods Frameworks";
			outputPaths = (
				"${TARGET_BUILD_DIR}/${FRAMEWORKS_FOLDER_PATH}/GTMSessionFetcher.framework",
				"${TARGET_BUILD_DIR}/${FRAMEWORKS_FOLDER_PATH}/GoogleToolboxForMac.framework",
				"${TARGET_BUILD_DIR}/${FRAMEWORKS_FOLDER_PATH}/leveldb.framework",
				"${TARGET_BUILD_DIR}/${FRAMEWORKS_FOLDER_PATH}/nanopb.framework",
			);
			runOnlyForDeploymentPostprocessing = 0;
			shellPath = /bin/sh;
			shellScript = "\"${SRCROOT}/Pods/Target Support Files/Pods-Firebase Example/Pods-Firebase Example-frameworks.sh\"\n";
			showEnvVarsInLog = 0;
		};
/* End PBXShellScriptBuildPhase section */

/* Begin PBXSourcesBuildPhase section */
		91FDC50A204E3EA0005E3744 /* Sources */ = {
			isa = PBXSourcesBuildPhase;
			buildActionMask = 2147483647;
			files = (
				91FDC526204E40EE005E3744 /* LoginViewController.swift in Sources */,
				91FDC516204E3EA0005E3744 /* UploadViewController.swift in Sources */,
				91FDC512204E3EA0005E3744 /* AppDelegate.swift in Sources */,
				91FDC514204E3EA0005E3744 /* FeedViewController.swift in Sources */,
				91FDC52A2058CE33005E3744 /* SplashViewController.swift in Sources */,
			);
			runOnlyForDeploymentPostprocessing = 0;
		};
/* End PBXSourcesBuildPhase section */

/* Begin PBXVariantGroup section */
		91FDC517204E3EA0005E3744 /* Main.storyboard */ = {
			isa = PBXVariantGroup;
			children = (
				91FDC518204E3EA0005E3744 /* Base */,
			);
			name = Main.storyboard;
			sourceTree = "<group>";
		};
		91FDC51C204E3EA0005E3744 /* LaunchScreen.storyboard */ = {
			isa = PBXVariantGroup;
			children = (
				91FDC51D204E3EA0005E3744 /* Base */,
			);
			name = LaunchScreen.storyboard;
			sourceTree = "<group>";
		};
/* End PBXVariantGroup section */

/* Begin XCBuildConfiguration section */
		91FDC520204E3EA0005E3744 /* Debug */ = {
			isa = XCBuildConfiguration;
			buildSettings = {
				ALWAYS_SEARCH_USER_PATHS = NO;
				CLANG_ANALYZER_NONNULL = YES;
				CLANG_ANALYZER_NUMBER_OBJECT_CONVERSION = YES_AGGRESSIVE;
				CLANG_CXX_LANGUAGE_STANDARD = "gnu++14";
				CLANG_CXX_LIBRARY = "libc++";
				CLANG_ENABLE_MODULES = YES;
				CLANG_ENABLE_OBJC_ARC = YES;
				CLANG_WARN_BLOCK_CAPTURE_AUTORELEASING = YES;
				CLANG_WARN_BOOL_CONVERSION = YES;
				CLANG_WARN_COMMA = YES;
				CLANG_WARN_CONSTANT_CONVERSION = YES;
				CLANG_WARN_DIRECT_OBJC_ISA_USAGE = YES_ERROR;
				CLANG_WARN_DOCUMENTATION_COMMENTS = YES;
				CLANG_WARN_EMPTY_BODY = YES;
				CLANG_WARN_ENUM_CONVERSION = YES;
				CLANG_WARN_INFINITE_RECURSION = YES;
				CLANG_WARN_INT_CONVERSION = YES;
				CLANG_WARN_NON_LITERAL_NULL_CONVERSION = YES;
				CLANG_WARN_OBJC_LITERAL_CONVERSION = YES;
				CLANG_WARN_OBJC_ROOT_CLASS = YES_ERROR;
				CLANG_WARN_RANGE_LOOP_ANALYSIS = YES;
				CLANG_WARN_STRICT_PROTOTYPES = YES;
				CLANG_WARN_SUSPICIOUS_MOVE = YES;
				CLANG_WARN_UNGUARDED_AVAILABILITY = YES_AGGRESSIVE;
				CLANG_WARN_UNREACHABLE_CODE = YES;
				CLANG_WARN__DUPLICATE_METHOD_MATCH = YES;
				CODE_SIGN_IDENTITY = "iPhone Developer";
				COPY_PHASE_STRIP = NO;
				DEBUG_INFORMATION_FORMAT = dwarf;
				ENABLE_STRICT_OBJC_MSGSEND = YES;
				ENABLE_TESTABILITY = YES;
				GCC_C_LANGUAGE_STANDARD = gnu11;
				GCC_DYNAMIC_NO_PIC = NO;
				GCC_NO_COMMON_BLOCKS = YES;
				GCC_OPTIMIZATION_LEVEL = 0;
				GCC_PREPROCESSOR_DEFINITIONS = (
					"DEBUG=1",
					"$(inherited)",
				);
				GCC_WARN_64_TO_32_BIT_CONVERSION = YES;
				GCC_WARN_ABOUT_RETURN_TYPE = YES_ERROR;
				GCC_WARN_UNDECLARED_SELECTOR = YES;
				GCC_WARN_UNINITIALIZED_AUTOS = YES_AGGRESSIVE;
				GCC_WARN_UNUSED_FUNCTION = YES;
				GCC_WARN_UNUSED_VARIABLE = YES;
				IPHONEOS_DEPLOYMENT_TARGET = 11.2;
				MTL_ENABLE_DEBUG_INFO = YES;
				ONLY_ACTIVE_ARCH = YES;
				SDKROOT = iphoneos;
				SWIFT_ACTIVE_COMPILATION_CONDITIONS = DEBUG;
				SWIFT_OPTIMIZATION_LEVEL = "-Onone";
			};
			name = Debug;
		};
		91FDC521204E3EA0005E3744 /* Release */ = {
			isa = XCBuildConfiguration;
			buildSettings = {
				ALWAYS_SEARCH_USER_PATHS = NO;
				CLANG_ANALYZER_NONNULL = YES;
				CLANG_ANALYZER_NUMBER_OBJECT_CONVERSION = YES_AGGRESSIVE;
				CLANG_CXX_LANGUAGE_STANDARD = "gnu++14";
				CLANG_CXX_LIBRARY = "libc++";
				CLANG_ENABLE_MODULES = YES;
				CLANG_ENABLE_OBJC_ARC = YES;
				CLANG_WARN_BLOCK_CAPTURE_AUTORELEASING = YES;
				CLANG_WARN_BOOL_CONVERSION = YES;
				CLANG_WARN_COMMA = YES;
				CLANG_WARN_CONSTANT_CONVERSION = YES;
				CLANG_WARN_DIRECT_OBJC_ISA_USAGE = YES_ERROR;
				CLANG_WARN_DOCUMENTATION_COMMENTS = YES;
				CLANG_WARN_EMPTY_BODY = YES;
				CLANG_WARN_ENUM_CONVERSION = YES;
				CLANG_WARN_INFINITE_RECURSION = YES;
				CLANG_WARN_INT_CONVERSION = YES;
				CLANG_WARN_NON_LITERAL_NULL_CONVERSION = YES;
				CLANG_WARN_OBJC_LITERAL_CONVERSION = YES;
				CLANG_WARN_OBJC_ROOT_CLASS = YES_ERROR;
				CLANG_WARN_RANGE_LOOP_ANALYSIS = YES;
				CLANG_WARN_STRICT_PROTOTYPES = YES;
				CLANG_WARN_SUSPICIOUS_MOVE = YES;
				CLANG_WARN_UNGUARDED_AVAILABILITY = YES_AGGRESSIVE;
				CLANG_WARN_UNREACHABLE_CODE = YES;
				CLANG_WARN__DUPLICATE_METHOD_MATCH = YES;
				CODE_SIGN_IDENTITY = "iPhone Developer";
				COPY_PHASE_STRIP = NO;
				DEBUG_INFORMATION_FORMAT = "dwarf-with-dsym";
				ENABLE_NS_ASSERTIONS = NO;
				ENABLE_STRICT_OBJC_MSGSEND = YES;
				GCC_C_LANGUAGE_STANDARD = gnu11;
				GCC_NO_COMMON_BLOCKS = YES;
				GCC_WARN_64_TO_32_BIT_CONVERSION = YES;
				GCC_WARN_ABOUT_RETURN_TYPE = YES_ERROR;
				GCC_WARN_UNDECLARED_SELECTOR = YES;
				GCC_WARN_UNINITIALIZED_AUTOS = YES_AGGRESSIVE;
				GCC_WARN_UNUSED_FUNCTION = YES;
				GCC_WARN_UNUSED_VARIABLE = YES;
				IPHONEOS_DEPLOYMENT_TARGET = 11.2;
				MTL_ENABLE_DEBUG_INFO = NO;
				SDKROOT = iphoneos;
				SWIFT_OPTIMIZATION_LEVEL = "-Owholemodule";
				VALIDATE_PRODUCT = YES;
			};
			name = Release;
		};
		91FDC523204E3EA0005E3744 /* Debug */ = {
			isa = XCBuildConfiguration;
			baseConfigurationReference = 73C2D441338323ACC21F6C1D /* Pods-Firebase Example.debug.xcconfig */;
			buildSettings = {
				ASSETCATALOG_COMPILER_APPICON_NAME = AppIcon;
				CODE_SIGN_STYLE = Automatic;
				DEVELOPMENT_TEAM = 4N6LX9RQ43;
				INFOPLIST_FILE = "Firebase Example/Info.plist";
				LD_RUNPATH_SEARCH_PATHS = "$(inherited) @executable_path/Frameworks";
				PRODUCT_BUNDLE_IDENTIFIER = "com.gadolfolozano.Firebase-Example";
				PRODUCT_NAME = "$(TARGET_NAME)";
				SWIFT_VERSION = 4.0;
				TARGETED_DEVICE_FAMILY = "1,2";
			};
			name = Debug;
		};
		91FDC524204E3EA0005E3744 /* Release */ = {
			isa = XCBuildConfiguration;
			baseConfigurationReference = 946256C477265FD63EB37F94 /* Pods-Firebase Example.release.xcconfig */;
			buildSettings = {
				ASSETCATALOG_COMPILER_APPICON_NAME = AppIcon;
				CODE_SIGN_STYLE = Automatic;
				DEVELOPMENT_TEAM = 4N6LX9RQ43;
				INFOPLIST_FILE = "Firebase Example/Info.plist";
				LD_RUNPATH_SEARCH_PATHS = "$(inherited) @executable_path/Frameworks";
				PRODUCT_BUNDLE_IDENTIFIER = "com.gadolfolozano.Firebase-Example";
				PRODUCT_NAME = "$(TARGET_NAME)";
				SWIFT_VERSION = 4.0;
				TARGETED_DEVICE_FAMILY = "1,2";
			};
			name = Release;
		};
/* End XCBuildConfiguration section */

/* Begin XCConfigurationList section */
		91FDC509204E3EA0005E3744 /* Build configuration list for PBXProject "Firebase Example" */ = {
			isa = XCConfigurationList;
			buildConfigurations = (
				91FDC520204E3EA0005E3744 /* Debug */,
				91FDC521204E3EA0005E3744 /* Release */,
			);
			defaultConfigurationIsVisible = 0;
			defaultConfigurationName = Release;
		};
		91FDC522204E3EA0005E3744 /* Build configuration list for PBXNativeTarget "Firebase Example" */ = {
			isa = XCConfigurationList;
			buildConfigurations = (
				91FDC523204E3EA0005E3744 /* Debug */,
				91FDC524204E3EA0005E3744 /* Release */,
			);
			defaultConfigurationIsVisible = 0;
			defaultConfigurationName = Release;
		};
/* End XCConfigurationList section */
	};
	rootObject = 91FDC506204E3EA0005E3744 /* Project object */;
}
